
Microsoft Visual Studio Solution File, Format Version 12.00
# Visual Studio Version 17
VisualStudioVersion = 17.10.35004.147
MinimumVisualStudioVersion = 10.0.40219.1
Project("{FAE04EC0-301F-11D3-BF4B-00C04F79EFBC}") = "cc21", "cc21\cc21.csproj", "{51DA8F1A-FC2D-401C-A2B9-763252B74450}"
EndProject
Global
	GlobalSection(SolutionConfigurationPlatforms) = preSolution
		Debug|Any CPU = Debug|Any CPU
		Release|Any CPU = Release|Any CPU
	EndGlobalSection
	GlobalSection(ProjectConfigurationPlatforms) = postSolution
		{51DA8F1A-FC2D-401C-A2B9-763252B74450}.Debug|Any CPU.ActiveCfg = Debug|Any CPU
		{51DA8F1A-FC2D-401C-A2B9-763252B74450}.Debug|Any CPU.Build.0 = Debug|Any CPU
		{51DA8F1A-FC2D-401C-A2B9-763252B74450}.Release|Any CPU.ActiveCfg = Release|Any CPU
		{51DA8F1A-FC2D-401C-A2B9-763252B74450}.Release|Any CPU.Build.0 = Release|Any CPU
	EndGlobalSection
	GlobalSection(SolutionProperties) = preSolution
		HideSolutionNode = FALSE
	EndGlobalSection
	GlobalSection(ExtensibilityGlobals) = postSolution
		SolutionGuid = {163AB675-F262-4981-8A92-DF72D18F02E3}
	EndGlobalSection
EndGlobal
